// !$*UTF8*$!
{
	archiveVersion = 1;
	classes = {
	};
	objectVersion = 46;
	objects = {

/* Begin PBXBuildFile section */
		26AD06BE19D6142A00E9DDD5 /* AppDelegate.swift in Sources */ = {isa = PBXBuildFile; fileRef = 26AD06BD19D6142A00E9DDD5 /* AppDelegate.swift */; };
		26AD06C019D6142A00E9DDD5 /* ViewController.swift in Sources */ = {isa = PBXBuildFile; fileRef = 26AD06BF19D6142A00E9DDD5 /* ViewController.swift */; };
		26AD06C319D6142A00E9DDD5 /* Main.storyboard in Resources */ = {isa = PBXBuildFile; fileRef = 26AD06C119D6142A00E9DDD5 /* Main.storyboard */; };
		26AD06C519D6142A00E9DDD5 /* Images.xcassets in Resources */ = {isa = PBXBuildFile; fileRef = 26AD06C419D6142A00E9DDD5 /* Images.xcassets */; };
		26AD06C819D6142A00E9DDD5 /* LaunchScreen.xib in Resources */ = {isa = PBXBuildFile; fileRef = 26AD06C619D6142A00E9DDD5 /* LaunchScreen.xib */; };
		26AD06D419D6142A00E9DDD5 /* Dog_Age_ConverterTests.swift in Sources */ = {isa = PBXBuildFile; fileRef = 26AD06D319D6142A00E9DDD5 /* Dog_Age_ConverterTests.swift */; };
		26AD06DE19D614CD00E9DDD5 /* bailey.jpg in Resources */ = {isa = PBXBuildFile; fileRef = 26AD06DD19D614CD00E9DDD5 /* bailey.jpg */; };
		26AD06E019D6151000E9DDD5 /* bg.jpg in Resources */ = {isa = PBXBuildFile; fileRef = 26AD06DF19D6151000E9DDD5 /* bg.jpg */; };
/* End PBXBuildFile section */

/* Begin PBXContainerItemProxy section */
		26AD06CE19D6142A00E9DDD5 /* PBXContainerItemProxy */ = {
			isa = PBXContainerItemProxy;
			containerPortal = 26AD06B019D6142A00E9DDD5 /* Project object */;
			proxyType = 1;
			remoteGlobalIDString = 26AD06B719D6142A00E9DDD5;
			remoteInfo = "Dog Age Converter";
		};
/* End PBXContainerItemProxy section */

/* Begin PBXFileReference section */
		26AD06B819D6142A00E9DDD5 /* Dog Age Converter.app */ = {isa = PBXFileReference; explicitFileType = wrapper.application; includeInIndex = 0; path = "Dog Age Converter.app"; sourceTree = BUILT_PRODUCTS_DIR; };
		26AD06BC19D6142A00E9DDD5 /* Info.plist */ = {isa = PBXFileReference; lastKnownFileType = text.plist.xml; path = Info.plist; sourceTree = "<group>"; };
		26AD06BD19D6142A00E9DDD5 /* AppDelegate.swift */ = {isa = PBXFileReference; lastKnownFileType = sourcecode.swift; path = AppDelegate.swift; sourceTree = "<group>"; };
		26AD06BF19D6142A00E9DDD5 /* ViewController.swift */ = {isa = PBXFileReference; lastKnownFileType = sourcecode.swift; path = ViewController.swift; sourceTree = "<group>"; };
		26AD06C219D6142A00E9DDD5 /* Base */ = {isa = PBXFileReference; lastKnownFileType = file.storyboard; name = Base; path = Base.lproj/Main.storyboard; sourceTree = "<group>"; };
		26AD06C419D6142A00E9DDD5 /* Images.xcassets */ = {isa = PBXFileReference; lastKnownFileType = folder.assetcatalog; path = Images.xcassets; sourceTree = "<group>"; };
		26AD06C719D6142A00E9DDD5 /* Base */ = {isa = PBXFileReference; lastKnownFileType = file.xib; name = Base; path = Base.lproj/LaunchScreen.xib; sourceTree = "<group>"; };
		26AD06CD19D6142A00E9DDD5 /* Dog Age ConverterTests.xctest */ = {isa = PBXFileReference; explicitFileType = wrapper.cfbundle; includeInIndex = 0; path = "Dog Age ConverterTests.xctest"; sourceTree = BUILT_PRODUCTS_DIR; };
		26AD06D219D6142A00E9DDD5 /* Info.plist */ = {isa = PBXFileReference; lastKnownFileType = text.plist.xml; path = Info.plist; sourceTree = "<group>"; };
		26AD06D319D6142A00E9DDD5 /* Dog_Age_ConverterTests.swift */ = {isa = PBXFileReference; lastKnownFileType = sourcecode.swift; path = Dog_Age_ConverterTests.swift; sourceTree = "<group>"; };
		26AD06DD19D614CD00E9DDD5 /* bailey.jpg */ = {isa = PBXFileReference; lastKnownFileType = image.jpeg; path = bailey.jpg; sourceTree = "<group>"; };
		26AD06DF19D6151000E9DDD5 /* bg.jpg */ = {isa = PBXFileReference; lastKnownFileType = image.jpeg; path = bg.jpg; sourceTree = "<group>"; };
/* End PBXFileReference section */

/* Begin PBXFrameworksBuildPhase section */
		26AD06B519D6142A00E9DDD5 /* Frameworks */ = {
			isa = PBXFrameworksBuildPhase;
			buildActionMask = 2147483647;
			files = (
			);
			runOnlyForDeploymentPostprocessing = 0;
		};
		26AD06CA19D6142A00E9DDD5 /* Frameworks */ = {
			isa = PBXFrameworksBuildPhase;
			buildActionMask = 2147483647;
			files = (
			);
			runOnlyForDeploymentPostprocessing = 0;
		};
/* End PBXFrameworksBuildPhase section */

/* Begin PBXGroup section */
		26AD06AF19D6142A00E9DDD5 = {
			isa = PBXGroup;
			children = (
				26AD06BA19D6142A00E9DDD5 /* Dog Age Converter */,
				26AD06D019D6142A00E9DDD5 /* Dog Age ConverterTests */,
				26AD06B919D6142A00E9DDD5 /* Products */,
			);
			sourceTree = "<group>";
		};
		26AD06B919D6142A00E9DDD5 /* Products */ = {
			isa = PBXGroup;
			children = (
				26AD06B819D6142A00E9DDD5 /* Dog Age Converter.app */,
				26AD06CD19D6142A00E9DDD5 /* Dog Age ConverterTests.xctest */,
			);
			name = Products;
			sourceTree = "<group>";
		};
		26AD06BA19D6142A00E9DDD5 /* Dog Age Converter */ = {
			isa = PBXGroup;
			children = (
				26AD06BD19D6142A00E9DDD5 /* AppDelegate.swift */,
				26AD06BF19D6142A00E9DDD5 /* ViewController.swift */,
				26AD06C119D6142A00E9DDD5 /* Main.storyboard */,
				26AD06C419D6142A00E9DDD5 /* Images.xcassets */,
				26AD06C619D6142A00E9DDD5 /* LaunchScreen.xib */,
				26AD06BB19D6142A00E9DDD5 /* Supporting Files */,
			);
			path = "Dog Age Converter";
			sourceTree = "<group>";
		};
		26AD06BB19D6142A00E9DDD5 /* Supporting Files */ = {
			isa = PBXGroup;
			children = (
				26AD06DF19D6151000E9DDD5 /* bg.jpg */,
				26AD06DD19D614CD00E9DDD5 /* bailey.jpg */,
				26AD06BC19D6142A00E9DDD5 /* Info.plist */,
			);
			name = "Supporting Files";
			sourceTree = "<group>";
		};
		26AD06D019D6142A00E9DDD5 /* Dog Age ConverterTests */ = {
			isa = PBXGroup;
			children = (
				26AD06D319D6142A00E9DDD5 /* Dog_Age_ConverterTests.swift */,
				26AD06D119D6142A00E9DDD5 /* Supporting Files */,
			);
			path = "Dog Age ConverterTests";
			sourceTree = "<group>";
		};
		26AD06D119D6142A00E9DDD5 /* Supporting Files */ = {
			isa = PBXGroup;
			children = (
				26AD06D219D6142A00E9DDD5 /* Info.plist */,
			);
			name = "Supporting Files";
			sourceTree = "<group>";
		};
/* End PBXGroup section */

/* Begin PBXNativeTarget section */
		26AD06B719D6142A00E9DDD5 /* Dog Age Converter */ = {
			isa = PBXNativeTarget;
			buildConfigurationList = 26AD06D719D6142A00E9DDD5 /* Build configuration list for PBXNativeTarget "Dog Age Converter" */;
			buildPhases = (
				26AD06B419D6142A00E9DDD5 /* Sources */,
				26AD06B519D6142A00E9DDD5 /* Frameworks */,
				26AD06B619D6142A00E9DDD5 /* Resources */,
			);
			buildRules = (
			);
			dependencies = (
			);
			name = "Dog Age Converter";
			productName = "Dog Age Converter";
			productReference = 26AD06B819D6142A00E9DDD5 /* Dog Age Converter.app */;
			productType = "com.apple.product-type.application";
		};
		26AD06CC19D6142A00E9DDD5 /* Dog Age ConverterTests */ = {
			isa = PBXNativeTarget;
			buildConfigurationList = 26AD06DA19D6142A00E9DDD5 /* Build configuration list for PBXNativeTarget "Dog Age ConverterTests" */;
			buildPhases = (
				26AD06C919D6142A00E9DDD5 /* Sources */,
				26AD06CA19D6142A00E9DDD5 /* Frameworks */,
				26AD06CB19D6142A00E9DDD5 /* Resources */,
			);
			buildRules = (
			);
			dependencies = (
				26AD06CF19D6142A00E9DDD5 /* PBXTargetDependency */,
			);
			name = "Dog Age ConverterTests";
			productName = "Dog Age ConverterTests";
			productReference = 26AD06CD19D6142A00E9DDD5 /* Dog Age ConverterTests.xctest */;
			productType = "com.apple.product-type.bundle.unit-test";
		};
/* End PBXNativeTarget section */

/* Begin PBXProject section */
		26AD06B019D6142A00E9DDD5 /* Project object */ = {
			isa = PBXProject;
			attributes = {
				LastUpgradeCheck = 0600;
				ORGANIZATIONNAME = "Clint Greive";
				TargetAttributes = {
					26AD06B719D6142A00E9DDD5 = {
						CreatedOnToolsVersion = 6.0.1;
					};
					26AD06CC19D6142A00E9DDD5 = {
						CreatedOnToolsVersion = 6.0.1;
						TestTargetID = 26AD06B719D6142A00E9DDD5;
					};
				};
			};
			buildConfigurationList = 26AD06B319D6142A00E9DDD5 /* Build configuration list for PBXProject "Dog Age Converter" */;
			compatibilityVersion = "Xcode 3.2";
			developmentRegion = English;
			hasScannedForEncodings = 0;
			knownRegions = (
				en,
				Base,
			);
			mainGroup = 26AD06AF19D6142A00E9DDD5;
			productRefGroup = 26AD06B919D6142A00E9DDD5 /* Products */;
			projectDirPath = "";
			projectRoot = "";
			targets = (
				26AD06B719D6142A00E9DDD5 /* Dog Age Converter */,
				26AD06CC19D6142A00E9DDD5 /* Dog Age ConverterTests */,
			);
		};
/* End PBXProject section */

/* Begin PBXResourcesBuildPhase section */
		26AD06B619D6142A00E9DDD5 /* Resources */ = {
			isa = PBXResourcesBuildPhase;
			buildActionMask = 2147483647;
			files = (
				26AD06E019D6151000E9DDD5 /* bg.jpg in Resources */,
				26AD06C319D6142A00E9DDD5 /* Main.storyboard in Resources */,
				26AD06DE19D614CD00E9DDD5 /* bailey.jpg in Resources */,
				26AD06C819D6142A00E9DDD5 /* LaunchScreen.xib in Resources */,
				26AD06C519D6142A00E9DDD5 /* Images.xcassets in Resources */,
			);
			runOnlyForDeploymentPostprocessing = 0;
		};
		26AD06CB19D6142A00E9DDD5 /* Resources */ = {
			isa = PBXResourcesBuildPhase;
			buildActionMask = 2147483647;
			files = (
			);
			runOnlyForDeploymentPostprocessing = 0;
		};
/* End PBXResourcesBuildPhase section */

/* Begin PBXSourcesBuildPhase section */
		26AD06B419D6142A00E9DDD5 /* Sources */ = {
			isa = PBXSourcesBuildPhase;
			buildActionMask = 2147483647;
			files = (
				26AD06C019D6142A00E9DDD5 /* ViewController.swift in Sources */,
				26AD06BE19D6142A00E9DDD5 /* AppDelegate.swift in Sources */,
			);
			runOnlyForDeploymentPostprocessing = 0;
		};
		26AD06C919D6142A00E9DDD5 /* Sources */ = {
			isa = PBXSourcesBuildPhase;
			buildActionMask = 2147483647;
			files = (
				26AD06D419D6142A00E9DDD5 /* Dog_Age_ConverterTests.swift in Sources */,
			);
			runOnlyForDeploymentPostprocessing = 0;
		};
/* End PBXSourcesBuildPhase section */

/* Begin PBXTargetDependency section */
		26AD06CF19D6142A00E9DDD5 /* PBXTargetDependency */ = {
			isa = PBXTargetDependency;
			target = 26AD06B719D6142A00E9DDD5 /* Dog Age Converter */;
			targetProxy = 26AD06CE19D6142A00E9DDD5 /* PBXContainerItemProxy */;
		};
/* End PBXTargetDependency section */

/* Begin PBXVariantGroup section */
		26AD06C119D6142A00E9DDD5 /* Main.storyboard */ = {
			isa = PBXVariantGroup;
			children = (
				26AD06C219D6142A00E9DDD5 /* Base */,
			);
			name = Main.storyboard;
			sourceTree = "<group>";
		};
		26AD06C619D6142A00E9DDD5 /* LaunchScreen.xib */ = {
			isa = PBXVariantGroup;
			children = (
				26AD06C719D6142A00E9DDD5 /* Base */,
			);
			name = LaunchScreen.xib;
			sourceTree = "<group>";
		};
/* End PBXVariantGroup section */

/* Begin XCBuildConfiguration section */
		26AD06D519D6142A00E9DDD5 /* Debug */ = {
			isa = XCBuildConfiguration;
			buildSettings = {
				ALWAYS_SEARCH_USER_PATHS = NO;
				CLANG_CXX_LANGUAGE_STANDARD = "gnu++0x";
				CLANG_CXX_LIBRARY = "libc++";
				CLANG_ENABLE_MODULES = YES;
				CLANG_ENABLE_OBJC_ARC = YES;
				CLANG_WARN_BOOL_CONVERSION = YES;
				CLANG_WARN_CONSTANT_CONVERSION = YES;
				CLANG_WARN_DIRECT_OBJC_ISA_USAGE = YES_ERROR;
				CLANG_WARN_EMPTY_BODY = YES;
				CLANG_WARN_ENUM_CONVERSION = YES;
				CLANG_WARN_INT_CONVERSION = YES;
				CLANG_WARN_OBJC_ROOT_CLASS = YES_ERROR;
				CLANG_WARN_UNREACHABLE_CODE = YES;
				CLANG_WARN__DUPLICATE_METHOD_MATCH = YES;
				"CODE_SIGN_IDENTITY[sdk=iphoneos*]" = "iPhone Developer";
				COPY_PHASE_STRIP = NO;
				ENABLE_STRICT_OBJC_MSGSEND = YES;
				GCC_C_LANGUAGE_STANDARD = gnu99;
				GCC_DYNAMIC_NO_PIC = NO;
				GCC_OPTIMIZATION_LEVEL = 0;
				GCC_PREPROCESSOR_DEFINITIONS = (
					"DEBUG=1",
					"$(inherited)",
				);
				GCC_SYMBOLS_PRIVATE_EXTERN = NO;
				GCC_WARN_64_TO_32_BIT_CONVERSION = YES;
				GCC_WARN_ABOUT_RETURN_TYPE = YES_ERROR;
				GCC_WARN_UNDECLARED_SELECTOR = YES;
				GCC_WARN_UNINITIALIZED_AUTOS = YES_AGGRESSIVE;
				GCC_WARN_UNUSED_FUNCTION = YES;
				GCC_WARN_UNUSED_VARIABLE = YES;
				IPHONEOS_DEPLOYMENT_TARGET = 8.0;
				MTL_ENABLE_DEBUG_INFO = YES;
				ONLY_ACTIVE_ARCH = YES;
				SDKROOT = iphoneos;
				SWIFT_OPTIMIZATION_LEVEL = "-Onone";
			};
			name = Debug;
		};
		26AD06D619D6142A00E9DDD5 /* Release */ = {
			isa = XCBuildConfiguration;
			buildSettings = {
				ALWAYS_SEARCH_USER_PATHS = NO;
				CLANG_CXX_LANGUAGE_STANDARD = "gnu++0x";
				CLANG_CXX_LIBRARY = "libc++";
				CLANG_ENABLE_MODULES = YES;
				CLANG_ENABLE_OBJC_ARC = YES;
				CLANG_WARN_BOOL_CONVERSION = YES;
				CLANG_WARN_CONSTANT_CONVERSION = YES;
				CLANG_WARN_DIRECT_OBJC_ISA_USAGE = YES_ERROR;
				CLANG_WARN_EMPTY_BODY = YES;
				CLANG_WARN_ENUM_CONVERSION = YES;
				CLANG_WARN_INT_CONVERSION = YES;
				CLANG_WARN_OBJC_ROOT_CLASS = YES_ERROR;
				CLANG_WARN_UNREACHABLE_CODE = YES;
				CLANG_WARN__DUPLICATE_METHOD_MATCH = YES;
				"CODE_SIGN_IDENTITY[sdk=iphoneos*]" = "iPhone Developer";
				COPY_PHASE_STRIP = YES;
				ENABLE_NS_ASSERTIONS = NO;
				ENABLE_STRICT_OBJC_MSGSEND = YES;
				GCC_C_LANGUAGE_STANDARD = gnu99;
				GCC_WARN_64_TO_32_BIT_CONVERSION = YES;
				GCC_WARN_ABOUT_RETURN_TYPE = YES_ERROR;
				GCC_WARN_UNDECLARED_SELECTOR = YES;
				GCC_WARN_UNINITIALIZED_AUTOS = YES_AGGRESSIVE;
				GCC_WARN_UNUSED_FUNCTION = YES;
				GCC_WARN_UNUSED_VARIABLE = YES;
				IPHONEOS_DEPLOYMENT_TARGET = 8.0;
				MTL_ENABLE_DEBUG_INFO = NO;
				SDKROOT = iphoneos;
				VALIDATE_PRODUCT = YES;
			};
			name = Release;
		};
		26AD06D819D6142A00E9DDD5 /* Debug */ = {
			isa = XCBuildConfiguration;
			buildSettings = {
				ASSETCATALOG_COMPILER_APPICON_NAME = AppIcon;
				INFOPLIST_FILE = "Dog Age Converter/Info.plist";
				LD_RUNPATH_SEARCH_PATHS = "$(inherited) @executable_path/Frameworks";
				PRODUCT_NAME = "$(TARGET_NAME)";
			};
			name = Debug;
		};
		26AD06D919D6142A00E9DDD5 /* Release */ = {
			isa = XCBuildConfiguration;
			buildSettings = {
				ASSETCATALOG_COMPILER_APPICON_NAME = AppIcon;
				INFOPLIST_FILE = "Dog Age Converter/Info.plist";
				LD_RUNPATH_SEARCH_PATHS = "$(inherited) @executable_path/Frameworks";
				PRODUCT_NAME = "$(TARGET_NAME)";
			};
			name = Release;
		};
		26AD06DB19D6142A00E9DDD5 /* Debug */ = {
			isa = XCBuildConfiguration;
			buildSettings = {
				BUNDLE_LOADER = "$(TEST_HOST)";
				FRAMEWORK_SEARCH_PATHS = (
					"$(SDKROOT)/Developer/Library/Frameworks",
					"$(inherited)",
				);
				GCC_PREPROCESSOR_DEFINITIONS = (
					"DEBUG=1",
					"$(inherited)",
				);
				INFOPLIST_FILE = "Dog Age ConverterTests/Info.plist";
				LD_RUNPATH_SEARCH_PATHS = "$(inherited) @executable_path/Frameworks @loader_path/Frameworks";
				PRODUCT_NAME = "$(TARGET_NAME)";
				TEST_HOST = "$(BUILT_PRODUCTS_DIR)/Dog Age Converter.app/Dog Age Converter";
			};
			name = Debug;
		};
		26AD06DC19D6142A00E9DDD5 /* Release */ = {
			isa = XCBuildConfiguration;
			buildSettings = {
				BUNDLE_LOADER = "$(TEST_HOST)";
				FRAMEWORK_SEARCH_PATHS = (
					"$(SDKROOT)/Developer/Library/Frameworks",
					"$(inherited)",
				);
				INFOPLIST_FILE = "Dog Age ConverterTests/Info.plist";
				LD_RUNPATH_SEARCH_PATHS = "$(inherited) @executable_path/Frameworks @loader_path/Frameworks";
				PRODUCT_NAME = "$(TARGET_NAME)";
				TEST_HOST = "$(BUILT_PRODUCTS_DIR)/Dog Age Converter.app/Dog Age Converter";
			};
			name = Release;
		};
/* End XCBuildConfiguration section */

/* Begin XCConfigurationList section */
		26AD06B319D6142A00E9DDD5 /* Build configuration list for PBXProject "Dog Age Converter" */ = {
			isa = XCConfigurationList;
			buildConfigurations = (
				26AD06D519D6142A00E9DDD5 /* Debug */,
				26AD06D619D6142A00E9DDD5 /* Release */,
			);
			defaultConfigurationIsVisible = 0;
			defaultConfigurationName = Release;
		};
		26AD06D719D6142A00E9DDD5 /* Build configuration list for PBXNativeTarget "Dog Age Converter" */ = {
			isa = XCConfigurationList;
			buildConfigurations = (
				26AD06D819D6142A00E9DDD5 /* Debug */,
				26AD06D919D6142A00E9DDD5 /* Release */,
			);
			defaultConfigurationIsVisible = 0;
		};
		26AD06DA19D6142A00E9DDD5 /* Build configuration list for PBXNativeTarget "Dog Age ConverterTests" */ = {
			isa = XCConfigurationList;
			buildConfigurations = (
				26AD06DB19D6142A00E9DDD5 /* Debug */,
				26AD06DC19D6142A00E9DDD5 /* Release */,
			);
			defaultConfigurationIsVisible = 0;
		};
/* End XCConfigurationList section */
	};
	rootObject = 26AD06B019D6142A00E9DDD5 /* Project object */;
}
